
Microsoft Visual Studio Solution File, Format Version 12.00
# Visual Studio Version 16
VisualStudioVersion = 16.0.32126.315
MinimumVisualStudioVersion = 10.0.40219.1
Project("{FAE04EC0-301F-11D3-BF4B-00C04F79EFBC}") = "Gambling", "Gambling\Gambling.csproj", "{A69975B4-FEE6-4C27-82BB-165E51ADB6C8}"
EndProject
Global
	GlobalSection(SolutionConfigurationPlatforms) = preSolution
		Debug|Any CPU = Debug|Any CPU
		Release|Any CPU = Release|Any CPU
	EndGlobalSection
	GlobalSection(ProjectConfigurationPlatforms) = postSolution
		{A69975B4-FEE6-4C27-82BB-165E51ADB6C8}.Debug|Any CPU.ActiveCfg = Debug|Any CPU
		{A69975B4-FEE6-4C27-82BB-165E51ADB6C8}.Debug|Any CPU.Build.0 = Debug|Any CPU
		{A69975B4-FEE6-4C27-82BB-165E51ADB6C8}.Release|Any CPU.ActiveCfg = Release|Any CPU
		{A69975B4-FEE6-4C27-82BB-165E51ADB6C8}.Release|Any CPU.Build.0 = Release|Any CPU
	EndGlobalSection
	GlobalSection(SolutionProperties) = preSolution
		HideSolutionNode = FALSE
	EndGlobalSection
	GlobalSection(ExtensibilityGlobals) = postSolution
		SolutionGuid = {BA563E5A-6868-43B5-B210-6FF15FB40A7E}
	EndGlobalSection
EndGlobal
